{
  "requires": true,
  "lockfileVersion": 1,
  "dependencies": {
    "@babel/runtime": {
      "version": "7.12.18",
      "resolved": "https://registry.npmjs.org/@babel/runtime/-/runtime-7.12.18.tgz",
      "integrity": "sha512-BogPQ7ciE6SYAUPtlm9tWbgI9+2AgqSam6QivMgXgAT+fKbgppaj4ZX15MHeLC1PVF5sNk70huBu20XxWOs8Cg==",
      "requires": {
        "regenerator-runtime": "^0.13.4"
      }
    },
    "@deck.gl/aggregation-layers": {
      "version": "8.4.6",
      "resolved": "https://registry.npmjs.org/@deck.gl/aggregation-layers/-/aggregation-layers-8.4.6.tgz",
      "integrity": "sha512-vbba+bHV9QzCxWS56V9SzuMfv9IjdnCo3zioeMGK8sJHZ9SxO5a00V7UwV/WhFk3dnTwCn6GNhHwTszSNzwH6Q==",
      "requires": {
        "@luma.gl/shadertools": "^8.4.1",
        "@math.gl/web-mercator": "^3.4.2",
        "d3-hexbin": "^0.2.1"
      }
    },
    "@deck.gl/carto": {
      "version": "8.4.6",
      "resolved": "https://registry.npmjs.org/@deck.gl/carto/-/carto-8.4.6.tgz",
      "integrity": "sha512-rsASnnhuXtYJCI/HttFpf679Ry5KLw0lsIDwHlSdE0CLD2kLhhXVUqX2OT7o++Pa0K5IhxRIRHvhjzHBB663nA==",
      "requires": {
        "@loaders.gl/loader-utils": "^2.3.9",
        "@loaders.gl/mvt": "^2.3.9",
        "@loaders.gl/tiles": "^2.3.9",
        "@math.gl/web-mercator": "^3.4.2",
        "cartocolor": "^4.0.2",
        "d3-scale": "^3.2.3"
      }
    },
    "@deck.gl/core": {
      "version": "8.4.6",
      "resolved": "https://registry.npmjs.org/@deck.gl/core/-/core-8.4.6.tgz",
      "integrity": "sha512-ubGvqBIJqqhX6W+IePj1Y4PGS3eYqgMApxM5CyrT6JFoT2QaQ8uBNQuM+/JCWSBix4JNHu8lsDukTWVpxKhtVQ==",
      "requires": {
        "@loaders.gl/core": "^2.3.9",
        "@loaders.gl/images": "^2.3.9",
        "@luma.gl/core": "^8.4.1",
        "@math.gl/web-mercator": "^3.4.2",
        "gl-matrix": "^3.0.0",
        "math.gl": "^3.4.2",
        "mjolnir.js": "^2.5.0",
        "probe.gl": "^3.2.1"
      }
    },
    "@deck.gl/extensions": {
      "version": "8.4.6",
      "resolved": "https://registry.npmjs.org/@deck.gl/extensions/-/extensions-8.4.6.tgz",
      "integrity": "sha512-5xFqHlKGT0gb6YPb7ZiIQxxaoVYw860twuypEYJ24DUbah5FhInAmH6SUYtXK0+c62TRFjEbUQ7uJAyZiy6OiA==",
      "requires": {
        "@luma.gl/shadertools": "^8.4.1"
      }
    },
    "@deck.gl/geo-layers": {
      "version": "8.4.6",
      "resolved": "https://registry.npmjs.org/@deck.gl/geo-layers/-/geo-layers-8.4.6.tgz",
      "integrity": "sha512-ac5YnwZ+4Qeqj/qicm1sKYCBs+8kJR3rN6SRCqSuxKgGg1xJQo79aeJ8vKgD28/MoEU/pZ3oHOfaIDGfWGuAJw==",
      "requires": {
        "@loaders.gl/3d-tiles": "^2.3.9",
        "@loaders.gl/gis": "^2.3.9",
        "@loaders.gl/loader-utils": "^2.3.9",
        "@loaders.gl/mvt": "^2.3.9",
        "@loaders.gl/terrain": "^2.3.9",
        "@loaders.gl/tiles": "^2.3.9",
        "@math.gl/culling": "^3.4.2",
        "@math.gl/web-mercator": "^3.4.2",
        "h3-js": "^3.6.0",
        "long": "^3.2.0",
        "math.gl": "^3.4.2"
      }
    },
    "@deck.gl/google-maps": {
      "version": "8.4.6",
      "resolved": "https://registry.npmjs.org/@deck.gl/google-maps/-/google-maps-8.4.6.tgz",
      "integrity": "sha512-EmVwCQnke1PtH6R/nVbFsjwuMdFT23K5og1Yk5jHyhbHqmxHFSo4E3Uuwuytfs9GXBjcZZfFMNjRJfQyHHbTVA=="
    },
    "@deck.gl/json": {
      "version": "8.4.6",
      "resolved": "https://registry.npmjs.org/@deck.gl/json/-/json-8.4.6.tgz",
      "integrity": "sha512-FRCED2ANhs5Rzpn7zxeLtf5LnFWxdOjlTYg+vZaJHdNVdQJtzQ0LHQH/hgUSRohR6BMutmXNDp3NucRlYIL2mg==",
      "requires": {
        "d3-dsv": "^1.0.8",
        "expression-eval": "^2.0.0"
      }
    },
    "@deck.gl/layers": {
      "version": "8.4.6",
      "resolved": "https://registry.npmjs.org/@deck.gl/layers/-/layers-8.4.6.tgz",
      "integrity": "sha512-2lbQkTS7BXf56LqWjLathyy+3JWiHznotTlGYGhi3YLFQMD47R+L04Glg003zyjirJNRlOiLmF/Zogva0T/eQg==",
      "requires": {
        "@loaders.gl/images": "^2.3.9",
        "@mapbox/tiny-sdf": "^1.1.0",
        "@math.gl/polygon": "^3.4.2",
        "earcut": "^2.0.6"
      }
    },
    "@deck.gl/mapbox": {
      "version": "8.4.6",
      "resolved": "https://registry.npmjs.org/@deck.gl/mapbox/-/mapbox-8.4.6.tgz",
      "integrity": "sha512-E5Fxp15Kw394vFYWbzciOCgJ3VMaRf4G8dIdTc3zHsJpVtbJ3nUB3ptpdnKuV262+kAxPJezb5cZ78Xus4oJTQ=="
    },
    "@deck.gl/mesh-layers": {
      "version": "8.4.6",
      "resolved": "https://registry.npmjs.org/@deck.gl/mesh-layers/-/mesh-layers-8.4.6.tgz",
      "integrity": "sha512-k9H+RNtoJzi+YtRh7x3ATKSMH857BPctvxIyPO9YRZBqB6P0PNMBPfsP6ETxreCFErGPct5xRAMJdRvPijF1aA==",
      "requires": {
        "@loaders.gl/gltf": "^2.3.9",
        "@luma.gl/experimental": "^8.4.1",
        "@luma.gl/shadertools": "^8.4.1"
      }
    },
    "@deck.gl/react": {
      "version": "8.4.6",
      "resolved": "https://registry.npmjs.org/@deck.gl/react/-/react-8.4.6.tgz",
      "integrity": "sha512-mkfmwhzuBbtySqkbFEIFH2T/PRXGrLaOzaRPZxHJor+l18bEzcZkwee+0uqD8M0YrNTbNl1ehsADOXGZF/wTSw==",
      "requires": {
        "prop-types": "^15.6.0"
      }
    },
    "@loaders.gl/3d-tiles": {
      "version": "2.3.12",
      "resolved": "https://registry.npmjs.org/@loaders.gl/3d-tiles/-/3d-tiles-2.3.12.tgz",
      "integrity": "sha512-BetO25a6blfLjbuMHNga5kcyGIgvO39dtAtz+x4NOvA1uMGYYRHS4moSSkZ/K8bhKSy1RNUFB+fJ2zCTOSbyIw==",
      "requires": {
        "@loaders.gl/core": "2.3.12",
        "@loaders.gl/draco": "2.3.12",
        "@loaders.gl/gltf": "2.3.12",
        "@loaders.gl/loader-utils": "2.3.12",
        "@loaders.gl/math": "2.3.12",
        "@loaders.gl/tiles": "2.3.12",
        "@math.gl/core": "^3.3.0",
        "@math.gl/geospatial": "^3.3.0",
        "@probe.gl/stats": "^3.3.0"
      }
    },
    "@loaders.gl/core": {
      "version": "2.3.12",
      "resolved": "https://registry.npmjs.org/@loaders.gl/core/-/core-2.3.12.tgz",
      "integrity": "sha512-4BXsXVSuDwntp04FzUbrOCGY4XIBk+qH3/mFAvJnaUx8Vw37ug1OKJh+8OuSBBF08H0NFSD1hygZlLXdzLV9Pg==",
      "requires": {
        "@babel/runtime": "^7.3.1",
        "@loaders.gl/loader-utils": "2.3.12"
      }
    },
    "@loaders.gl/draco": {
      "version": "2.3.12",
      "resolved": "https://registry.npmjs.org/@loaders.gl/draco/-/draco-2.3.12.tgz",
      "integrity": "sha512-CSNQ1ozn2AlF1geM4F6eHtHODFJzM9Uhrx9rYghoAv23N25h2DYqSzBKSET+z32IYmh0HY7VcvAgx1A/9R212Q==",
      "requires": {
        "@babel/runtime": "^7.3.1",
        "@loaders.gl/loader-utils": "2.3.12",
        "draco3d": "^1.3.6"
      }
    },
    "@loaders.gl/gis": {
      "version": "2.3.12",
      "resolved": "https://registry.npmjs.org/@loaders.gl/gis/-/gis-2.3.12.tgz",
      "integrity": "sha512-hXYQJpQgcDCyK+4NhKz1NxhWyuz+4uTkmeAkhA5DK4Gie/3AAvesFOsS4VPl+jthGBFwSJxw/ElqE5CHnznRjg==",
      "requires": {
        "@loaders.gl/loader-utils": "2.3.12",
        "@mapbox/vector-tile": "^1.3.1",
        "pbf": "^3.2.1"
      }
    },
    "@loaders.gl/gltf": {
      "version": "2.3.12",
      "resolved": "https://registry.npmjs.org/@loaders.gl/gltf/-/gltf-2.3.12.tgz",
      "integrity": "sha512-b1YUbuh7r6yr37RzUhRE/+qedPHKBcfHHPDdDNZvgFBmkYm6/dE/ZpFfywsZ4oSreHF+14lJeaAdzPU4Jw9Syw==",
      "requires": {
        "@loaders.gl/core": "2.3.12",
        "@loaders.gl/draco": "2.3.12",
        "@loaders.gl/images": "2.3.12",
        "@loaders.gl/loader-utils": "2.3.12"
      }
    },
    "@loaders.gl/images": {
      "version": "2.3.12",
      "resolved": "https://registry.npmjs.org/@loaders.gl/images/-/images-2.3.12.tgz",
      "integrity": "sha512-frqqt42+ZKcR6BHcHG6v0pzOO8DM9UcWHTK6iKpa2SdDYKWS2WAt3SAmspPOI33nJ8w0OA8DnYiF/2FalzuGqg==",
      "requires": {
        "@loaders.gl/loader-utils": "2.3.12"
      }
    },
    "@loaders.gl/loader-utils": {
      "version": "2.3.12",
      "resolved": "https://registry.npmjs.org/@loaders.gl/loader-utils/-/loader-utils-2.3.12.tgz",
      "integrity": "sha512-DBDEgqMMxRfOX8XguyzCTpUt1Bz1y+q41KHZ6S+896VXVGicb22LKWIYIwGKNtC9pb77JTbWjcSux2GPBVThkw==",
      "requires": {
        "@babel/runtime": "^7.3.1",
        "@probe.gl/stats": "^3.3.0"
      }
    },
    "@loaders.gl/math": {
      "version": "2.3.12",
      "resolved": "https://registry.npmjs.org/@loaders.gl/math/-/math-2.3.12.tgz",
      "integrity": "sha512-SSOtH3l1bcTGOEIfPQhilCfAZUGQhjTaiUbnp4X7SVwp2C71lOy4sa2C5N0ZQMIfiHupW+sVG9t/5sq8bA5YYg==",
      "requires": {
        "@loaders.gl/images": "2.3.12",
        "@loaders.gl/loader-utils": "2.3.12",
        "@math.gl/core": "^3.3.0"
      }
    },
    "@loaders.gl/mvt": {
      "version": "2.3.12",
      "resolved": "https://registry.npmjs.org/@loaders.gl/mvt/-/mvt-2.3.12.tgz",
      "integrity": "sha512-Px/XNP1wjzD4cIJBPewuveyhSh3CB5RMxSOoQEXO76NBhB2Gj/AYmVOYX2IcNbyKe3/YI31Zg/MDDxEleCisRg==",
      "requires": {
        "@loaders.gl/gis": "2.3.12",
        "@loaders.gl/loader-utils": "2.3.12",
        "@mapbox/point-geometry": "~0.1.0",
        "@mapbox/vector-tile": "^1.3.1",
        "pbf": "^3.2.1"
      }
    },
    "@loaders.gl/terrain": {
      "version": "2.3.12",
      "resolved": "https://registry.npmjs.org/@loaders.gl/terrain/-/terrain-2.3.12.tgz",
      "integrity": "sha512-+G+HEXYUJe7QVhYBPr2nrlPPQddwLnoyJb2sv5LuSg6rXr71Da/kR57wxjaD1EG1kmbEL1katKR1w5D0XHkxeg==",
      "requires": {
        "@babel/runtime": "^7.3.1",
        "@loaders.gl/loader-utils": "2.3.12",
        "@mapbox/martini": "^0.2.0"
      }
    },
    "@loaders.gl/tiles": {
      "version": "2.3.12",
      "resolved": "https://registry.npmjs.org/@loaders.gl/tiles/-/tiles-2.3.12.tgz",
      "integrity": "sha512-SiF726dTDZPS97+BiSLlA780hIKMV0zpB5Ch29NMFZC37G0YIuInQS8YhAFANK+MjEPZjrhpjiAF/bTLmknAOw==",
      "requires": {
        "@loaders.gl/core": "2.3.12",
        "@loaders.gl/loader-utils": "2.3.12",
        "@loaders.gl/math": "2.3.12",
        "@math.gl/core": "^3.3.0",
        "@math.gl/culling": "^3.3.0",
        "@math.gl/geospatial": "^3.3.0",
        "@math.gl/web-mercator": "^3.3.0",
        "@probe.gl/stats": "^3.3.0"
      }
    },
    "@luma.gl/constants": {
      "version": "8.4.3",
      "resolved": "https://registry.npmjs.org/@luma.gl/constants/-/constants-8.4.3.tgz",
      "integrity": "sha512-sInPqqnSijiSUiGmfXqIbh4GGFCOhRcqUAtawXFEOUqSHJh8Amytr35s8arqBVzav+rT8uxFUxdUmnPJ93AOsQ=="
    },
    "@luma.gl/core": {
      "version": "8.4.3",
      "resolved": "https://registry.npmjs.org/@luma.gl/core/-/core-8.4.3.tgz",
      "integrity": "sha512-7nTltU4meziOLKNWtHeGnwAEY0abqpOiXzT5JPI+hR4lVKW+e3If4IhZJNwbB0nK1d9K7HRc7XAeO2O522LvjA==",
      "requires": {
        "@babel/runtime": "^7.0.0",
        "@luma.gl/constants": "8.4.3",
        "@luma.gl/engine": "8.4.3",
        "@luma.gl/gltools": "8.4.3",
        "@luma.gl/shadertools": "8.4.3",
        "@luma.gl/webgl": "8.4.3"
      }
    },
    "@luma.gl/engine": {
      "version": "8.4.3",
      "resolved": "https://registry.npmjs.org/@luma.gl/engine/-/engine-8.4.3.tgz",
      "integrity": "sha512-7lnXu04fMjS020HaO04BeignK3tHfIUlfodwLjTiq6BxCiHyAUUXFRh0g41N9V04AFnFuOazgfXMMeXFw09zag==",
      "requires": {
        "@babel/runtime": "^7.0.0",
        "@luma.gl/constants": "8.4.3",
        "@luma.gl/gltools": "8.4.3",
        "@luma.gl/shadertools": "8.4.3",
        "@luma.gl/webgl": "8.4.3",
        "@math.gl/core": "^3.4.2",
        "probe.gl": "^3.2.1"
      }
    },
    "@luma.gl/experimental": {
      "version": "8.4.3",
      "resolved": "https://registry.npmjs.org/@luma.gl/experimental/-/experimental-8.4.3.tgz",
      "integrity": "sha512-Xw5bn2qFmifUUXPN4E/x3skI8dKdtZQkF25AkXP89DrY7eCrhe2bFGvXMD/XHr/UZMENxAhByZqnPmLuZOr8bw==",
      "requires": {
        "@luma.gl/constants": "8.4.3",
        "@math.gl/core": "^3.4.1",
        "earcut": "^2.0.6"
      }
    },
    "@luma.gl/gltools": {
      "version": "8.4.3",
      "resolved": "https://registry.npmjs.org/@luma.gl/gltools/-/gltools-8.4.3.tgz",
      "integrity": "sha512-CEhhloxNixHlO+YVK48V28219h+XGGi7GgYjuZE+H9VQpMahPUnzWNU0gxim2EXn6V8nZTyQ2wrNduGlhxBCWA==",
      "requires": {
        "@babel/runtime": "^7.0.0",
        "@luma.gl/constants": "8.4.3",
        "probe.gl": "^3.2.1"
      }
    },
    "@luma.gl/shadertools": {
      "version": "8.4.3",
      "resolved": "https://registry.npmjs.org/@luma.gl/shadertools/-/shadertools-8.4.3.tgz",
      "integrity": "sha512-fdy89iDVBLwR71iVQgpQdvRKdM+E3YAKO33JmCxpcOrWHqyOZhRhyX3GlvMnRJdr/yW/z/1YcWm+P2quC/1lxg==",
      "requires": {
        "@babel/runtime": "^7.0.0",
        "@math.gl/core": "^3.4.2"
      }
    },
    "@luma.gl/webgl": {
      "version": "8.4.3",
      "resolved": "https://registry.npmjs.org/@luma.gl/webgl/-/webgl-8.4.3.tgz",
      "integrity": "sha512-8y1wbSJxRRc8AmaPdGZ2YCYcDyvF8uYVw8AXWAfbnFHqOZlcNQ/ac8T+atvf0P+HRgPW+e4h8rovPI0IiXiKkw==",
      "requires": {
        "@babel/runtime": "^7.0.0",
        "@luma.gl/constants": "8.4.3",
        "@luma.gl/gltools": "8.4.3",
        "probe.gl": "^3.2.1"
      }
    },
    "@mapbox/martini": {
      "version": "0.2.0",
      "resolved": "https://registry.npmjs.org/@mapbox/martini/-/martini-0.2.0.tgz",
      "integrity": "sha512-7hFhtkb0KTLEls+TRw/rWayq5EeHtTaErgm/NskVoXmtgAQu/9D299aeyj6mzAR/6XUnYRp2lU+4IcrYRFjVsQ=="
    },
    "@mapbox/point-geometry": {
      "version": "0.1.0",
      "resolved": "https://registry.npmjs.org/@mapbox/point-geometry/-/point-geometry-0.1.0.tgz",
      "integrity": "sha1-ioP5M1x4YO/6Lu7KJUMyqgru2PI="
    },
    "@mapbox/tiny-sdf": {
      "version": "1.2.5",
      "resolved": "https://registry.npmjs.org/@mapbox/tiny-sdf/-/tiny-sdf-1.2.5.tgz",
      "integrity": "sha512-cD8A/zJlm6fdJOk6DqPUV8mcpyJkRz2x2R+/fYcWDYG3oWbG7/L7Yl/WqQ1VZCjnL9OTIMAn6c+BC5Eru4sQEw=="
    },
    "@mapbox/vector-tile": {
      "version": "1.3.1",
      "resolved": "https://registry.npmjs.org/@mapbox/vector-tile/-/vector-tile-1.3.1.tgz",
      "integrity": "sha512-MCEddb8u44/xfQ3oD+Srl/tNcQoqTw3goGk2oLsrFxOTc3dUp+kAnby3PvAeeBYSMSjSPD1nd1AJA6W49WnoUw==",
      "requires": {
        "@mapbox/point-geometry": "~0.1.0"
      }
    },
    "@math.gl/core": {
      "version": "3.4.2",
      "resolved": "https://registry.npmjs.org/@math.gl/core/-/core-3.4.2.tgz",
      "integrity": "sha512-65vhtokCDq0N16DLwWZhPTNAGuVtTjyyi5tx950yNN3ei5BRxz2JHe6JTSnjjKO/2w9KuQYOOqokc7ARog0vKg==",
      "requires": {
        "@babel/runtime": "^7.12.0",
        "gl-matrix": "^3.0.0"
      }
    },
    "@math.gl/culling": {
      "version": "3.4.2",
      "resolved": "https://registry.npmjs.org/@math.gl/culling/-/culling-3.4.2.tgz",
      "integrity": "sha512-rjDfJp58jvTzMjX954/EMdcaVrX8UkkkXWXc1PU2+XFyAtaBYHDk7jiaFQQbBx8sqk9PKd62j3UTwtSreWyoyQ==",
      "requires": {
        "@babel/runtime": "^7.12.0",
        "@math.gl/core": "3.4.2",
        "gl-matrix": "^3.0.0"
      }
    },
    "@math.gl/geospatial": {
      "version": "3.4.2",
      "resolved": "https://registry.npmjs.org/@math.gl/geospatial/-/geospatial-3.4.2.tgz",
      "integrity": "sha512-EiCwU3B4ftrUsPPHmLqJuxo37Y7Fvi9Mqpvxj6PvdvsF8EmEvMdYgiQXSNL9vSq5JbEy9xWL2ph47wvkWFoWUQ==",
      "requires": {
        "@babel/runtime": "^7.12.0",
        "@math.gl/core": "3.4.2",
        "gl-matrix": "^3.0.0"
      }
    },
    "@math.gl/polygon": {
      "version": "3.4.2",
      "resolved": "https://registry.npmjs.org/@math.gl/polygon/-/polygon-3.4.2.tgz",
      "integrity": "sha512-ANbZmcrzavzEe0bHbdEYyiudPdGGV/quB3FxUJa3L1QCcZbnrqvnuwqX+8U8ltIDhbACG1x0Uxefwo8p77aMNw==",
      "requires": {
        "@math.gl/core": "3.4.2"
      }
    },
    "@math.gl/web-mercator": {
      "version": "3.4.2",
      "resolved": "https://registry.npmjs.org/@math.gl/web-mercator/-/web-mercator-3.4.2.tgz",
      "integrity": "sha512-Az/WI8vxbqnrTEcYgqDQ3CgCRoFA2a4XT9mkjVrT7iIlfrUF5lrIXcmpljjKvoFNBldKrng7hFSeHHM2ghgSrg==",
      "requires": {
        "@babel/runtime": "^7.12.0",
        "gl-matrix": "^3.0.0"
      }
    },
    "@probe.gl/stats": {
      "version": "3.3.1",
      "resolved": "https://registry.npmjs.org/@probe.gl/stats/-/stats-3.3.1.tgz",
      "integrity": "sha512-7ekl4qYndDgmCzZMNhicgJpIzApyjdqo67qv1zKx8hmAgC+AeCk6LE8sdiTauddd8+FDViAkxhrr271KwOgHfw==",
      "requires": {
        "@babel/runtime": "^7.0.0"
      }
    },
    "cartocolor": {
      "version": "4.0.2",
      "resolved": "https://registry.npmjs.org/cartocolor/-/cartocolor-4.0.2.tgz",
      "integrity": "sha512-+Gh9mb6lFxsDOLQlBLPxAHCnWXlg2W8q3AcVwqRcy95TdBbcOU89Wrb6h2Hd/6Ww1Kc1pzXmUdpnWD+xeCG0dg==",
      "requires": {
        "colorbrewer": "1.0.0"
      }
    },
    "colorbrewer": {
      "version": "1.0.0",
      "resolved": "https://registry.npmjs.org/colorbrewer/-/colorbrewer-1.0.0.tgz",
      "integrity": "sha1-T5czO5abp2Ejgr5LwzlLNB+0yKI="
    },
    "commander": {
      "version": "2.20.3",
      "resolved": "https://registry.npmjs.org/commander/-/commander-2.20.3.tgz",
      "integrity": "sha512-GpVkmM8vF2vQUkj2LvZmD35JxeJOLCwJ9cUkugyk2nuhbv3+mJvpLYYt+0+USMxE+oj+ey/lJEnhZw75x/OMcQ=="
    },
    "d3-array": {
      "version": "2.11.0",
      "resolved": "https://registry.npmjs.org/d3-array/-/d3-array-2.11.0.tgz",
      "integrity": "sha512-26clcwmHQEdsLv34oNKq5Ia9tQ26Y/4HqS3dQzF42QBUqymZJ+9PORcN1G52bt37NsL2ABoX4lvyYZc+A9Y0zw==",
      "requires": {
        "internmap": "^1.0.0"
      }
    },
    "d3-color": {
      "version": "2.0.0",
      "resolved": "https://registry.npmjs.org/d3-color/-/d3-color-2.0.0.tgz",
      "integrity": "sha512-SPXi0TSKPD4g9tw0NMZFnR95XVgUZiBH+uUTqQuDu1OsE2zomHU7ho0FISciaPvosimixwHFl3WHLGabv6dDgQ=="
    },
    "d3-dsv": {
      "version": "1.2.0",
      "resolved": "https://registry.npmjs.org/d3-dsv/-/d3-dsv-1.2.0.tgz",
      "integrity": "sha512-9yVlqvZcSOMhCYzniHE7EVUws7Fa1zgw+/EAV2BxJoG3ME19V6BQFBwI855XQDsxyOuG7NibqRMTtiF/Qup46g==",
      "requires": {
        "commander": "2",
        "iconv-lite": "0.4",
        "rw": "1"
      }
    },
    "d3-format": {
      "version": "2.0.0",
      "resolved": "https://registry.npmjs.org/d3-format/-/d3-format-2.0.0.tgz",
      "integrity": "sha512-Ab3S6XuE/Q+flY96HXT0jOXcM4EAClYFnRGY5zsjRGNy6qCYrQsMffs7cV5Q9xejb35zxW5hf/guKw34kvIKsA=="
    },
    "d3-hexbin": {
      "version": "0.2.2",
      "resolved": "https://registry.npmjs.org/d3-hexbin/-/d3-hexbin-0.2.2.tgz",
      "integrity": "sha1-nFg32s/UcasFM3qeke8Qv8T5iDE="
    },
    "d3-interpolate": {
      "version": "2.0.1",
      "resolved": "https://registry.npmjs.org/d3-interpolate/-/d3-interpolate-2.0.1.tgz",
      "integrity": "sha512-c5UhwwTs/yybcmTpAVqwSFl6vrQ8JZJoT5F7xNFK9pymv5C0Ymcc9/LIJHtYIggg/yS9YHw8i8O8tgb9pupjeQ==",
      "requires": {
        "d3-color": "1 - 2"
      }
    },
    "d3-scale": {
      "version": "3.2.3",
      "resolved": "https://registry.npmjs.org/d3-scale/-/d3-scale-3.2.3.tgz",
      "integrity": "sha512-8E37oWEmEzj57bHcnjPVOBS3n4jqakOeuv1EDdQSiSrYnMCBdMd3nc4HtKk7uia8DUHcY/CGuJ42xxgtEYrX0g==",
      "requires": {
        "d3-array": "^2.3.0",
        "d3-format": "1 - 2",
        "d3-interpolate": "1.2.0 - 2",
        "d3-time": "1 - 2",
        "d3-time-format": "2 - 3"
      }
    },
    "d3-time": {
      "version": "2.0.0",
      "resolved": "https://registry.npmjs.org/d3-time/-/d3-time-2.0.0.tgz",
      "integrity": "sha512-2mvhstTFcMvwStWd9Tj3e6CEqtOivtD8AUiHT8ido/xmzrI9ijrUUihZ6nHuf/vsScRBonagOdj0Vv+SEL5G3Q=="
    },
    "d3-time-format": {
      "version": "3.0.0",
      "resolved": "https://registry.npmjs.org/d3-time-format/-/d3-time-format-3.0.0.tgz",
      "integrity": "sha512-UXJh6EKsHBTjopVqZBhFysQcoXSv/5yLONZvkQ5Kk3qbwiUYkdX17Xa1PT6U1ZWXGGfB1ey5L8dKMlFq2DO0Ag==",
      "requires": {
        "d3-time": "1 - 2"
      }
    },
    "deck.gl": {
      "version": "8.4.6",
      "resolved": "https://registry.npmjs.org/deck.gl/-/deck.gl-8.4.6.tgz",
      "integrity": "sha512-eggOqaVMl7kWS7n2rbDVzebcD0FxtniHCCr8Ac9SIGrN4vLRf3Y528NR9WRHCsDvR9VUAxH131VX/HRFGsMZBw==",
      "requires": {
        "@deck.gl/aggregation-layers": "8.4.6",
        "@deck.gl/carto": "8.4.6",
        "@deck.gl/core": "8.4.6",
        "@deck.gl/extensions": "8.4.6",
        "@deck.gl/geo-layers": "8.4.6",
        "@deck.gl/google-maps": "8.4.6",
        "@deck.gl/json": "8.4.6",
        "@deck.gl/layers": "8.4.6",
        "@deck.gl/mapbox": "8.4.6",
        "@deck.gl/mesh-layers": "8.4.6",
        "@deck.gl/react": "8.4.6"
      }
    },
    "draco3d": {
      "version": "1.4.1",
      "resolved": "https://registry.npmjs.org/draco3d/-/draco3d-1.4.1.tgz",
      "integrity": "sha512-9Rxonc70xiovBC+Bq1h57SNZIHzWTibU1VfIGp5z3Xx8dPtv4yT5uGhiH7P5uvJRR2jkrvHafRxR7bTANkvfpg=="
    },
    "earcut": {
      "version": "2.2.2",
      "resolved": "https://registry.npmjs.org/earcut/-/earcut-2.2.2.tgz",
      "integrity": "sha512-eZoZPPJcUHnfRZ0PjLvx2qBordSiO8ofC3vt+qACLM95u+4DovnbYNpQtJh0DNsWj8RnxrQytD4WA8gj5cRIaQ=="
    },
    "expression-eval": {
      "version": "2.1.0",
      "resolved": "https://registry.npmjs.org/expression-eval/-/expression-eval-2.1.0.tgz",
      "integrity": "sha512-FUJO/Akvl/JOWkvlqZaqbkhsEWlCJWDeZG4tzX96UH68D9FeRgYgtb55C2qtqbORC0Q6x5419EDjWu4IT9kQfg==",
      "requires": {
        "jsep": "^0.3.0"
      }
    },
    "gl-matrix": {
      "version": "3.3.0",
      "resolved": "https://registry.npmjs.org/gl-matrix/-/gl-matrix-3.3.0.tgz",
      "integrity": "sha512-COb7LDz+SXaHtl/h4LeaFcNdJdAQSDeVqjiIihSXNrkWObZLhDI4hIkZC11Aeqp7bcE72clzB0BnDXr2SmslRA=="
    },
    "h3-js": {
      "version": "3.7.0",
      "resolved": "https://registry.npmjs.org/h3-js/-/h3-js-3.7.0.tgz",
      "integrity": "sha512-EcH/qGU4khZsAEG39Uu8MvaCing0JFcuoe3K4Xmg5MofDIu1cNJl7z2AQS8ggvXGxboiLJqsGirhEqFKdd2gAA=="
    },
    "hammerjs": {
      "version": "2.0.8",
      "resolved": "https://registry.npmjs.org/hammerjs/-/hammerjs-2.0.8.tgz",
      "integrity": "sha1-BO93hiz/K7edMPdpIJWTAiK/YPE="
    },
    "iconv-lite": {
      "version": "0.4.24",
      "resolved": "https://registry.npmjs.org/iconv-lite/-/iconv-lite-0.4.24.tgz",
      "integrity": "sha512-v3MXnZAcvnywkTUEZomIActle7RXXeedOR31wwl7VlyoXO4Qi9arvSenNQWne1TcRwhCL1HwLI21bEqdpj8/rA==",
      "requires": {
        "safer-buffer": ">= 2.1.2 < 3"
      }
    },
    "ieee754": {
      "version": "1.2.1",
      "resolved": "https://registry.npmjs.org/ieee754/-/ieee754-1.2.1.tgz",
      "integrity": "sha512-dcyqhDvX1C46lXZcVqCpK+FtMRQVdIMN6/Df5js2zouUsqG7I6sFxitIC+7KYK29KdXOLHdu9zL4sFnoVQnqaA=="
    },
    "internmap": {
      "version": "1.0.0",
      "resolved": "https://registry.npmjs.org/internmap/-/internmap-1.0.0.tgz",
      "integrity": "sha512-SdoDWwNOTE2n4JWUsLn4KXZGuZPjPF9yyOGc8bnfWnBQh7BD/l80rzSznKc/r4Y0aQ7z3RTk9X+tV4tHBpu+dA=="
    },
    "js-tokens": {
      "version": "4.0.0",
      "resolved": "https://registry.npmjs.org/js-tokens/-/js-tokens-4.0.0.tgz",
      "integrity": "sha512-RdJUflcE3cUzKiMqQgsCu06FPu9UdIJO0beYbPhHN4k6apgJtifcoCtT9bcxOpYBtpD2kCM6Sbzg4CausW/PKQ=="
    },
    "jsep": {
      "version": "0.3.5",
      "resolved": "https://registry.npmjs.org/jsep/-/jsep-0.3.5.tgz",
      "integrity": "sha512-AoRLBDc6JNnKjNcmonituEABS5bcfqDhQAWWXNTFrqu6nVXBpBAGfcoTGZMFlIrh9FjmE1CQyX9CTNwZrXMMDA=="
    },
    "long": {
      "version": "3.2.0",
      "resolved": "https://registry.npmjs.org/long/-/long-3.2.0.tgz",
      "integrity": "sha1-2CG3E4yhy1gcFymQ7xTbIAtcR0s="
    },
    "loose-envify": {
      "version": "1.4.0",
      "resolved": "https://registry.npmjs.org/loose-envify/-/loose-envify-1.4.0.tgz",
      "integrity": "sha512-lyuxPGr/Wfhrlem2CL/UcnUc1zcqKAImBDzukY7Y5F/yQiNdko6+fRLevlw1HgMySw7f611UIY408EtxRSoK3Q==",
      "requires": {
        "js-tokens": "^3.0.0 || ^4.0.0"
      }
    },
    "math.gl": {
      "version": "3.4.2",
      "resolved": "https://registry.npmjs.org/math.gl/-/math.gl-3.4.2.tgz",
      "integrity": "sha512-0I77HBiC+q/XRRw807dCwUeMTUotzNQUQZEk0kPd39iRmU67dLId0+OtCGFYjIzyM+gNaj1JWueiOYV/gdl+dQ==",
      "requires": {
        "@math.gl/core": "3.4.2"
      }
    },
    "mjolnir.js": {
      "version": "2.5.0",
      "resolved": "https://registry.npmjs.org/mjolnir.js/-/mjolnir.js-2.5.0.tgz",
      "integrity": "sha512-YkVoyKs7qm9xvAgRgjx3Md/7eYqmq7VXOgTKQNnmuzcBJzMebjdIWa7FdTd0RZBrw3UL6V6TTktsxJwBMLXUNA==",
      "requires": {
        "@babel/runtime": "^7.0.0",
        "hammerjs": "^2.0.8"
      }
    },
    "object-assign": {
      "version": "4.1.1",
      "resolved": "https://registry.npmjs.org/object-assign/-/object-assign-4.1.1.tgz",
      "integrity": "sha1-IQmtx5ZYh8/AXLvUQsrIv7s2CGM="
    },
    "pbf": {
      "version": "3.2.1",
      "resolved": "https://registry.npmjs.org/pbf/-/pbf-3.2.1.tgz",
      "integrity": "sha512-ClrV7pNOn7rtmoQVF4TS1vyU0WhYRnP92fzbfF75jAIwpnzdJXf8iTd4CMEqO4yUenH6NDqLiwjqlh6QgZzgLQ==",
      "requires": {
        "ieee754": "^1.1.12",
        "resolve-protobuf-schema": "^2.1.0"
      }
    },
    "probe.gl": {
      "version": "3.3.1",
      "resolved": "https://registry.npmjs.org/probe.gl/-/probe.gl-3.3.1.tgz",
      "integrity": "sha512-RI6gxvEyTEdRMzT1np8HvbBOFNYQ0HwE3kZvK790tg/ldwFy7Qvs7cllz4MDT84QG2IMDUu7EsTXQX3qtzdx3w==",
      "requires": {
        "@babel/runtime": "^7.0.0",
        "@probe.gl/stats": "3.3.1"
      }
    },
    "prop-types": {
      "version": "15.7.2",
      "resolved": "https://registry.npmjs.org/prop-types/-/prop-types-15.7.2.tgz",
      "integrity": "sha512-8QQikdH7//R2vurIJSutZ1smHYTcLpRWEOlHnzcWHmBYrOGUysKwSsrC89BCiFj3CbrfJ/nXFdJepOVrY1GCHQ==",
      "requires": {
        "loose-envify": "^1.4.0",
        "object-assign": "^4.1.1",
        "react-is": "^16.8.1"
      }
    },
    "protocol-buffers-schema": {
      "version": "3.5.1",
      "resolved": "https://registry.npmjs.org/protocol-buffers-schema/-/protocol-buffers-schema-3.5.1.tgz",
      "integrity": "sha512-YVCvdhxWNDP8/nJDyXLuM+UFsuPk4+1PB7WGPVDzm3HTHbzFLxQYeW2iZpS4mmnXrQJGBzt230t/BbEb7PrQaw=="
    },
    "react-is": {
      "version": "16.13.1",
      "resolved": "https://registry.npmjs.org/react-is/-/react-is-16.13.1.tgz",
      "integrity": "sha512-24e6ynE2H+OKt4kqsOvNd8kBpV65zoxbA4BVsEOB3ARVWQki/DHzaUoC5KuON/BiccDaCCTZBuOcfZs70kR8bQ=="
    },
    "regenerator-runtime": {
      "version": "0.13.7",
      "resolved": "https://registry.npmjs.org/regenerator-runtime/-/regenerator-runtime-0.13.7.tgz",
      "integrity": "sha512-a54FxoJDIr27pgf7IgeQGxmqUNYrcV338lf/6gH456HZ/PhX+5BcwHXG9ajESmwe6WRO0tAzRUrRmNONWgkrew=="
    },
    "resolve-protobuf-schema": {
      "version": "2.1.0",
      "resolved": "https://registry.npmjs.org/resolve-protobuf-schema/-/resolve-protobuf-schema-2.1.0.tgz",
      "integrity": "sha512-kI5ffTiZWmJaS/huM8wZfEMer1eRd7oJQhDuxeCLe3t7N7mX3z94CN0xPxBQxFYQTSNz9T0i+v6inKqSdK8xrQ==",
      "requires": {
        "protocol-buffers-schema": "^3.3.1"
      }
    },
    "rw": {
      "version": "1.3.3",
      "resolved": "https://registry.npmjs.org/rw/-/rw-1.3.3.tgz",
      "integrity": "sha1-P4Yt+pGrdmsUiF700BEkv9oHT7Q="
    },
    "safer-buffer": {
      "version": "2.1.2",
      "resolved": "https://registry.npmjs.org/safer-buffer/-/safer-buffer-2.1.2.tgz",
      "integrity": "sha512-YZo3K82SD7Riyi0E1EQPojLz7kpepnSQI9IyPbHHg1XXXevb5dJI7tpyN2ADxGcQbHG7vcyRHk0cbwqcQriUtg=="
    }
  }
}
